<Solution>
  <Folder Name="/Task0/">
    <Project Path="Tyuiu.FrezeTK.Sprint0.Task0.V0/Tyuiu.FrezeTK.Sprint0.Task0.V0.csproj" />
  </Folder>
  <Folder Name="/Task1/">
    <Project Path="Tyuiu.FrezeTK.Sprint0.Task1.V0/Tyuiu.FrezeTK.Sprint0.Task1.V0.csproj" />
  </Folder>
  <Folder Name="/Task2/" />
</Solution>
